
Microsoft Visual Studio Solution File, Format Version 12.00
# Visual Studio 2012
Project("{FAE04EC0-301F-11D3-BF4B-00C04F79EFBC}") = "ImageMapResizeWebsite", "Site\ImageMapResizeWebsite.csproj", "{B50B076C-0C10-4BC7-8B4C-9EE93751D889}"
EndProject
Global
	GlobalSection(SolutionConfigurationPlatforms) = preSolution
		Debug|Any CPU = Debug|Any CPU
		Release|Any CPU = Release|Any CPU
	EndGlobalSection
	GlobalSection(ProjectConfigurationPlatforms) = postSolution
		{B50B076C-0C10-4BC7-8B4C-9EE93751D889}.Debug|Any CPU.ActiveCfg = Debug|Any CPU
		{B50B076C-0C10-4BC7-8B4C-9EE93751D889}.Debug|Any CPU.Build.0 = Debug|Any CPU
		{B50B076C-0C10-4BC7-8B4C-9EE93751D889}.Release|Any CPU.ActiveCfg = Release|Any CPU
		{B50B076C-0C10-4BC7-8B4C-9EE93751D889}.Release|Any CPU.Build.0 = Release|Any CPU
	EndGlobalSection
	GlobalSection(SolutionProperties) = preSolution
		HideSolutionNode = FALSE
	EndGlobalSection
EndGlobal
